// !$*UTF8*$!
{
	archiveVersion = 1;
	classes = {
	};
	objectVersion = 48;
	objects = {

/* Begin PBXBuildFile section */
		AE7924C5202C58B2006820AA /* AppDelegate.swift in Sources */ = {isa = PBXBuildFile; fileRef = AE7924C4202C58B2006820AA /* AppDelegate.swift */; };
		AE7924C7202C58B2006820AA /* ViewController.swift in Sources */ = {isa = PBXBuildFile; fileRef = AE7924C6202C58B2006820AA /* ViewController.swift */; };
		AE7924CA202C58B2006820AA /* Main.storyboard in Resources */ = {isa = PBXBuildFile; fileRef = AE7924C8202C58B2006820AA /* Main.storyboard */; };
		AE7924CC202C58B3006820AA /* Assets.xcassets in Resources */ = {isa = PBXBuildFile; fileRef = AE7924CB202C58B3006820AA /* Assets.xcassets */; };
		AE7924CF202C58B3006820AA /* LaunchScreen.storyboard in Resources */ = {isa = PBXBuildFile; fileRef = AE7924CD202C58B3006820AA /* LaunchScreen.storyboard */; };
		AE7924DA202C58B3006820AA /* AnimalsDemoTests.swift in Sources */ = {isa = PBXBuildFile; fileRef = AE7924D9202C58B3006820AA /* AnimalsDemoTests.swift */; };
		AE7924E5202C58B3006820AA /* AnimalsDemoUITests.swift in Sources */ = {isa = PBXBuildFile; fileRef = AE7924E4202C58B3006820AA /* AnimalsDemoUITests.swift */; };
		AE7924F3202C58D7006820AA /* MobileNet.mlmodel in Sources */ = {isa = PBXBuildFile; fileRef = AE7924F2202C58D7006820AA /* MobileNet.mlmodel */; };
		AE7924F5202C5937006820AA /* UIImage+CVPixelBuffer.swift in Sources */ = {isa = PBXBuildFile; fileRef = AE7924F4202C5937006820AA /* UIImage+CVPixelBuffer.swift */; };
		AE7924FD202C594E006820AA /* img1.jpg in Resources */ = {isa = PBXBuildFile; fileRef = AE7924F7202C594D006820AA /* img1.jpg */; };
		AE7924FE202C594E006820AA /* img4.jpg in Resources */ = {isa = PBXBuildFile; fileRef = AE7924F8202C594D006820AA /* img4.jpg */; };
		AE792500202C594E006820AA /* img2.jpg in Resources */ = {isa = PBXBuildFile; fileRef = AE7924FA202C594D006820AA /* img2.jpg */; };
		AE792507202C5E6C006820AA /* img7.jpg in Resources */ = {isa = PBXBuildFile; fileRef = AE792502202C5E6B006820AA /* img7.jpg */; };
		AE792508202C5E6C006820AA /* img6.jpg in Resources */ = {isa = PBXBuildFile; fileRef = AE792503202C5E6B006820AA /* img6.jpg */; };
		AE79250A202C5E6C006820AA /* img3.jpg in Resources */ = {isa = PBXBuildFile; fileRef = AE792505202C5E6C006820AA /* img3.jpg */; };
		AE79250B202C5E6C006820AA /* img5.jpg in Resources */ = {isa = PBXBuildFile; fileRef = AE792506202C5E6C006820AA /* img5.jpg */; };
/* End PBXBuildFile section */

/* Begin PBXContainerItemProxy section */
		AE7924D6202C58B3006820AA /* PBXContainerItemProxy */ = {
			isa = PBXContainerItemProxy;
			containerPortal = AE7924B9202C58B2006820AA /* Project object */;
			proxyType = 1;
			remoteGlobalIDString = AE7924C0202C58B2006820AA;
			remoteInfo = AnimalsDemo;
		};
		AE7924E1202C58B3006820AA /* PBXContainerItemProxy */ = {
			isa = PBXContainerItemProxy;
			containerPortal = AE7924B9202C58B2006820AA /* Project object */;
			proxyType = 1;
			remoteGlobalIDString = AE7924C0202C58B2006820AA;
			remoteInfo = AnimalsDemo;
		};
/* End PBXContainerItemProxy section */

/* Begin PBXFileReference section */
		AE7924C1202C58B2006820AA /* AnimalsDemo.app */ = {isa = PBXFileReference; explicitFileType = wrapper.application; includeInIndex = 0; path = AnimalsDemo.app; sourceTree = BUILT_PRODUCTS_DIR; };
		AE7924C4202C58B2006820AA /* AppDelegate.swift */ = {isa = PBXFileReference; lastKnownFileType = sourcecode.swift; path = AppDelegate.swift; sourceTree = "<group>"; };
		AE7924C6202C58B2006820AA /* ViewController.swift */ = {isa = PBXFileReference; lastKnownFileType = sourcecode.swift; path = ViewController.swift; sourceTree = "<group>"; };
		AE7924C9202C58B2006820AA /* Base */ = {isa = PBXFileReference; lastKnownFileType = file.storyboard; name = Base; path = Base.lproj/Main.storyboard; sourceTree = "<group>"; };
		AE7924CB202C58B3006820AA /* Assets.xcassets */ = {isa = PBXFileReference; lastKnownFileType = folder.assetcatalog; path = Assets.xcassets; sourceTree = "<group>"; };
		AE7924CE202C58B3006820AA /* Base */ = {isa = PBXFileReference; lastKnownFileType = file.storyboard; name = Base; path = Base.lproj/LaunchScreen.storyboard; sourceTree = "<group>"; };
		AE7924D0202C58B3006820AA /* Info.plist */ = {isa = PBXFileReference; lastKnownFileType = text.plist.xml; path = Info.plist; sourceTree = "<group>"; };
		AE7924D5202C58B3006820AA /* AnimalsDemoTests.xctest */ = {isa = PBXFileReference; explicitFileType = wrapper.cfbundle; includeInIndex = 0; path = AnimalsDemoTests.xctest; sourceTree = BUILT_PRODUCTS_DIR; };
		AE7924D9202C58B3006820AA /* AnimalsDemoTests.swift */ = {isa = PBXFileReference; lastKnownFileType = sourcecode.swift; path = AnimalsDemoTests.swift; sourceTree = "<group>"; };
		AE7924DB202C58B3006820AA /* Info.plist */ = {isa = PBXFileReference; lastKnownFileType = text.plist.xml; path = Info.plist; sourceTree = "<group>"; };
		AE7924E0202C58B3006820AA /* AnimalsDemoUITests.xctest */ = {isa = PBXFileReference; explicitFileType = wrapper.cfbundle; includeInIndex = 0; path = AnimalsDemoUITests.xctest; sourceTree = BUILT_PRODUCTS_DIR; };
		AE7924E4202C58B3006820AA /* AnimalsDemoUITests.swift */ = {isa = PBXFileReference; lastKnownFileType = sourcecode.swift; path = AnimalsDemoUITests.swift; sourceTree = "<group>"; };
		AE7924E6202C58B3006820AA /* Info.plist */ = {isa = PBXFileReference; lastKnownFileType = text.plist.xml; path = Info.plist; sourceTree = "<group>"; };
		AE7924F2202C58D7006820AA /* MobileNet.mlmodel */ = {isa = PBXFileReference; lastKnownFileType = file.mlmodel; path = MobileNet.mlmodel; sourceTree = "<group>"; };
		AE7924F4202C5937006820AA /* UIImage+CVPixelBuffer.swift */ = {isa = PBXFileReference; fileEncoding = 4; lastKnownFileType = sourcecode.swift; path = "UIImage+CVPixelBuffer.swift"; sourceTree = "<group>"; };
		AE7924F7202C594D006820AA /* img1.jpg */ = {isa = PBXFileReference; lastKnownFileType = image.jpeg; path = img1.jpg; sourceTree = "<group>"; };
		AE7924F8202C594D006820AA /* img4.jpg */ = {isa = PBXFileReference; lastKnownFileType = image.jpeg; path = img4.jpg; sourceTree = "<group>"; };
		AE7924FA202C594D006820AA /* img2.jpg */ = {isa = PBXFileReference; lastKnownFileType = image.jpeg; path = img2.jpg; sourceTree = "<group>"; };
		AE792502202C5E6B006820AA /* img7.jpg */ = {isa = PBXFileReference; lastKnownFileType = image.jpeg; path = img7.jpg; sourceTree = "<group>"; };
		AE792503202C5E6B006820AA /* img6.jpg */ = {isa = PBXFileReference; lastKnownFileType = image.jpeg; path = img6.jpg; sourceTree = "<group>"; };
		AE792505202C5E6C006820AA /* img3.jpg */ = {isa = PBXFileReference; lastKnownFileType = image.jpeg; path = img3.jpg; sourceTree = "<group>"; };
		AE792506202C5E6C006820AA /* img5.jpg */ = {isa = PBXFileReference; lastKnownFileType = image.jpeg; path = img5.jpg; sourceTree = "<group>"; };
/* End PBXFileReference section */

/* Begin PBXFrameworksBuildPhase section */
		AE7924BE202C58B2006820AA /* Frameworks */ = {
			isa = PBXFrameworksBuildPhase;
			buildActionMask = 2147483647;
			files = (
			);
			runOnlyForDeploymentPostprocessing = 0;
		};
		AE7924D2202C58B3006820AA /* Frameworks */ = {
			isa = PBXFrameworksBuildPhase;
			buildActionMask = 2147483647;
			files = (
			);
			runOnlyForDeploymentPostprocessing = 0;
		};
		AE7924DD202C58B3006820AA /* Frameworks */ = {
			isa = PBXFrameworksBuildPhase;
			buildActionMask = 2147483647;
			files = (
			);
			runOnlyForDeploymentPostprocessing = 0;
		};
/* End PBXFrameworksBuildPhase section */

/* Begin PBXGroup section */
		AE52BBF6202C63A7008922DE /* Images */ = {
			isa = PBXGroup;
			children = (
				AE7924F7202C594D006820AA /* img1.jpg */,
				AE7924FA202C594D006820AA /* img2.jpg */,
				AE792505202C5E6C006820AA /* img3.jpg */,
				AE7924F8202C594D006820AA /* img4.jpg */,
				AE792506202C5E6C006820AA /* img5.jpg */,
				AE792503202C5E6B006820AA /* img6.jpg */,
				AE792502202C5E6B006820AA /* img7.jpg */,
			);
			path = Images;
			sourceTree = "<group>";
		};
		AE7924B8202C58B2006820AA = {
			isa = PBXGroup;
			children = (
				AE7924C3202C58B2006820AA /* AnimalsDemo */,
				AE7924D8202C58B3006820AA /* AnimalsDemoTests */,
				AE7924E3202C58B3006820AA /* AnimalsDemoUITests */,
				AE7924C2202C58B2006820AA /* Products */,
			);
			sourceTree = "<group>";
		};
		AE7924C2202C58B2006820AA /* Products */ = {
			isa = PBXGroup;
			children = (
				AE7924C1202C58B2006820AA /* AnimalsDemo.app */,
				AE7924D5202C58B3006820AA /* AnimalsDemoTests.xctest */,
				AE7924E0202C58B3006820AA /* AnimalsDemoUITests.xctest */,
			);
			name = Products;
			sourceTree = "<group>";
		};
		AE7924C3202C58B2006820AA /* AnimalsDemo */ = {
			isa = PBXGroup;
			children = (
				AE7924C4202C58B2006820AA /* AppDelegate.swift */,
				AE7924C6202C58B2006820AA /* ViewController.swift */,
				AE7924F4202C5937006820AA /* UIImage+CVPixelBuffer.swift */,
				AE7924C8202C58B2006820AA /* Main.storyboard */,
				AE7924CB202C58B3006820AA /* Assets.xcassets */,
				AE7924CD202C58B3006820AA /* LaunchScreen.storyboard */,
				AE7924D0202C58B3006820AA /* Info.plist */,
				AED1173E202D5DD300FDE4EE /* Library */,
				AE52BBF6202C63A7008922DE /* Images */,
			);
			path = AnimalsDemo;
			sourceTree = "<group>";
		};
		AE7924D8202C58B3006820AA /* AnimalsDemoTests */ = {
			isa = PBXGroup;
			children = (
				AE7924D9202C58B3006820AA /* AnimalsDemoTests.swift */,
				AE7924DB202C58B3006820AA /* Info.plist */,
			);
			path = AnimalsDemoTests;
			sourceTree = "<group>";
		};
		AE7924E3202C58B3006820AA /* AnimalsDemoUITests */ = {
			isa = PBXGroup;
			children = (
				AE7924E4202C58B3006820AA /* AnimalsDemoUITests.swift */,
				AE7924E6202C58B3006820AA /* Info.plist */,
			);
			path = AnimalsDemoUITests;
			sourceTree = "<group>";
		};
		AED1173E202D5DD300FDE4EE /* Library */ = {
			isa = PBXGroup;
			children = (
				AE7924F2202C58D7006820AA /* MobileNet.mlmodel */,
			);
			path = Library;
			sourceTree = "<group>";
		};
/* End PBXGroup section */

/* Begin PBXNativeTarget section */
		AE7924C0202C58B2006820AA /* AnimalsDemo */ = {
			isa = PBXNativeTarget;
			buildConfigurationList = AE7924E9202C58B3006820AA /* Build configuration list for PBXNativeTarget "AnimalsDemo" */;
			buildPhases = (
				AE7924BD202C58B2006820AA /* Sources */,
				AE7924BE202C58B2006820AA /* Frameworks */,
				AE7924BF202C58B2006820AA /* Resources */,
			);
			buildRules = (
			);
			dependencies = (
			);
			name = AnimalsDemo;
			productName = AnimalsDemo;
			productReference = AE7924C1202C58B2006820AA /* AnimalsDemo.app */;
			productType = "com.apple.product-type.application";
		};
		AE7924D4202C58B3006820AA /* AnimalsDemoTests */ = {
			isa = PBXNativeTarget;
			buildConfigurationList = AE7924EC202C58B3006820AA /* Build configuration list for PBXNativeTarget "AnimalsDemoTests" */;
			buildPhases = (
				AE7924D1202C58B3006820AA /* Sources */,
				AE7924D2202C58B3006820AA /* Frameworks */,
				AE7924D3202C58B3006820AA /* Resources */,
			);
			buildRules = (
			);
			dependencies = (
				AE7924D7202C58B3006820AA /* PBXTargetDependency */,
			);
			name = AnimalsDemoTests;
			productName = AnimalsDemoTests;
			productReference = AE7924D5202C58B3006820AA /* AnimalsDemoTests.xctest */;
			productType = "com.apple.product-type.bundle.unit-test";
		};
		AE7924DF202C58B3006820AA /* AnimalsDemoUITests */ = {
			isa = PBXNativeTarget;
			buildConfigurationList = AE7924EF202C58B3006820AA /* Build configuration list for PBXNativeTarget "AnimalsDemoUITests" */;
			buildPhases = (
				AE7924DC202C58B3006820AA /* Sources */,
				AE7924DD202C58B3006820AA /* Frameworks */,
				AE7924DE202C58B3006820AA /* Resources */,
			);
			buildRules = (
			);
			dependencies = (
				AE7924E2202C58B3006820AA /* PBXTargetDependency */,
			);
			name = AnimalsDemoUITests;
			productName = AnimalsDemoUITests;
			productReference = AE7924E0202C58B3006820AA /* AnimalsDemoUITests.xctest */;
			productType = "com.apple.product-type.bundle.ui-testing";
		};
/* End PBXNativeTarget section */

/* Begin PBXProject section */
		AE7924B9202C58B2006820AA /* Project object */ = {
			isa = PBXProject;
			attributes = {
				LastSwiftUpdateCheck = 0920;
				LastUpgradeCheck = 0920;
				ORGANIZATIONNAME = Oottru;
				TargetAttributes = {
					AE7924C0202C58B2006820AA = {
						CreatedOnToolsVersion = 9.2;
						ProvisioningStyle = Automatic;
					};
					AE7924D4202C58B3006820AA = {
						CreatedOnToolsVersion = 9.2;
						ProvisioningStyle = Automatic;
						TestTargetID = AE7924C0202C58B2006820AA;
					};
					AE7924DF202C58B3006820AA = {
						CreatedOnToolsVersion = 9.2;
						ProvisioningStyle = Automatic;
						TestTargetID = AE7924C0202C58B2006820AA;
					};
				};
			};
			buildConfigurationList = AE7924BC202C58B2006820AA /* Build configuration list for PBXProject "AnimalsDemo" */;
			compatibilityVersion = "Xcode 8.0";
			developmentRegion = en;
			hasScannedForEncodings = 0;
			knownRegions = (
				en,
				Base,
			);
			mainGroup = AE7924B8202C58B2006820AA;
			productRefGroup = AE7924C2202C58B2006820AA /* Products */;
			projectDirPath = "";
			projectRoot = "";
			targets = (
				AE7924C0202C58B2006820AA /* AnimalsDemo */,
				AE7924D4202C58B3006820AA /* AnimalsDemoTests */,
				AE7924DF202C58B3006820AA /* AnimalsDemoUITests */,
			);
		};
/* End PBXProject section */

/* Begin PBXResourcesBuildPhase section */
		AE7924BF202C58B2006820AA /* Resources */ = {
			isa = PBXResourcesBuildPhase;
			buildActionMask = 2147483647;
			files = (
				AE792508202C5E6C006820AA /* img6.jpg in Resources */,
				AE7924FD202C594E006820AA /* img1.jpg in Resources */,
				AE7924CF202C58B3006820AA /* LaunchScreen.storyboard in Resources */,
				AE79250A202C5E6C006820AA /* img3.jpg in Resources */,
				AE792500202C594E006820AA /* img2.jpg in Resources */,
				AE7924CC202C58B3006820AA /* Assets.xcassets in Resources */,
				AE792507202C5E6C006820AA /* img7.jpg in Resources */,
				AE7924FE202C594E006820AA /* img4.jpg in Resources */,
				AE79250B202C5E6C006820AA /* img5.jpg in Resources */,
				AE7924CA202C58B2006820AA /* Main.storyboard in Resources */,
			);
			runOnlyForDeploymentPostprocessing = 0;
		};
		AE7924D3202C58B3006820AA /* Resources */ = {
			isa = PBXResourcesBuildPhase;
			buildActionMask = 2147483647;
			files = (
			);
			runOnlyForDeploymentPostprocessing = 0;
		};
		AE7924DE202C58B3006820AA /* Resources */ = {
			isa = PBXResourcesBuildPhase;
			buildActionMask = 2147483647;
			files = (
			);
			runOnlyForDeploymentPostprocessing = 0;
		};
/* End PBXResourcesBuildPhase section */

/* Begin PBXSourcesBuildPhase section */
		AE7924BD202C58B2006820AA /* Sources */ = {
			isa = PBXSourcesBuildPhase;
			buildActionMask = 2147483647;
			files = (
				AE7924C7202C58B2006820AA /* ViewController.swift in Sources */,
				AE7924C5202C58B2006820AA /* AppDelegate.swift in Sources */,
				AE7924F3202C58D7006820AA /* MobileNet.mlmodel in Sources */,
				AE7924F5202C5937006820AA /* UIImage+CVPixelBuffer.swift in Sources */,
			);
			runOnlyForDeploymentPostprocessing = 0;
		};
		AE7924D1202C58B3006820AA /* Sources */ = {
			isa = PBXSourcesBuildPhase;
			buildActionMask = 2147483647;
			files = (
				AE7924DA202C58B3006820AA /* AnimalsDemoTests.swift in Sources */,
			);
			runOnlyForDeploymentPostprocessing = 0;
		};
		AE7924DC202C58B3006820AA /* Sources */ = {
			isa = PBXSourcesBuildPhase;
			buildActionMask = 2147483647;
			files = (
				AE7924E5202C58B3006820AA /* AnimalsDemoUITests.swift in Sources */,
			);
			runOnlyForDeploymentPostprocessing = 0;
		};
/* End PBXSourcesBuildPhase section */

/* Begin PBXTargetDependency section */
		AE7924D7202C58B3006820AA /* PBXTargetDependency */ = {
			isa = PBXTargetDependency;
			target = AE7924C0202C58B2006820AA /* AnimalsDemo */;
			targetProxy = AE7924D6202C58B3006820AA /* PBXContainerItemProxy */;
		};
		AE7924E2202C58B3006820AA /* PBXTargetDependency */ = {
			isa = PBXTargetDependency;
			target = AE7924C0202C58B2006820AA /* AnimalsDemo */;
			targetProxy = AE7924E1202C58B3006820AA /* PBXContainerItemProxy */;
		};
/* End PBXTargetDependency section */

/* Begin PBXVariantGroup section */
		AE7924C8202C58B2006820AA /* Main.storyboard */ = {
			isa = PBXVariantGroup;
			children = (
				AE7924C9202C58B2006820AA /* Base */,
			);
			name = Main.storyboard;
			sourceTree = "<group>";
		};
		AE7924CD202C58B3006820AA /* LaunchScreen.storyboard */ = {
			isa = PBXVariantGroup;
			children = (
				AE7924CE202C58B3006820AA /* Base */,
			);
			name = LaunchScreen.storyboard;
			sourceTree = "<group>";
		};
/* End PBXVariantGroup section */

/* Begin XCBuildConfiguration section */
		AE7924E7202C58B3006820AA /* Debug */ = {
			isa = XCBuildConfiguration;
			buildSettings = {
				ALWAYS_SEARCH_USER_PATHS = NO;
				CLANG_ANALYZER_NONNULL = YES;
				CLANG_ANALYZER_NUMBER_OBJECT_CONVERSION = YES_AGGRESSIVE;
				CLANG_CXX_LANGUAGE_STANDARD = "gnu++14";
				CLANG_CXX_LIBRARY = "libc++";
				CLANG_ENABLE_MODULES = YES;
				CLANG_ENABLE_OBJC_ARC = YES;
				CLANG_WARN_BLOCK_CAPTURE_AUTORELEASING = YES;
				CLANG_WARN_BOOL_CONVERSION = YES;
				CLANG_WARN_COMMA = YES;
				CLANG_WARN_CONSTANT_CONVERSION = YES;
				CLANG_WARN_DIRECT_OBJC_ISA_USAGE = YES_ERROR;
				CLANG_WARN_DOCUMENTATION_COMMENTS = YES;
				CLANG_WARN_EMPTY_BODY = YES;
				CLANG_WARN_ENUM_CONVERSION = YES;
				CLANG_WARN_INFINITE_RECURSION = YES;
				CLANG_WARN_INT_CONVERSION = YES;
				CLANG_WARN_NON_LITERAL_NULL_CONVERSION = YES;
				CLANG_WARN_OBJC_LITERAL_CONVERSION = YES;
				CLANG_WARN_OBJC_ROOT_CLASS = YES_ERROR;
				CLANG_WARN_RANGE_LOOP_ANALYSIS = YES;
				CLANG_WARN_STRICT_PROTOTYPES = YES;
				CLANG_WARN_SUSPICIOUS_MOVE = YES;
				CLANG_WARN_UNGUARDED_AVAILABILITY = YES_AGGRESSIVE;
				CLANG_WARN_UNREACHABLE_CODE = YES;
				CLANG_WARN__DUPLICATE_METHOD_MATCH = YES;
				CODE_SIGN_IDENTITY = "iPhone Developer";
				COPY_PHASE_STRIP = NO;
				DEBUG_INFORMATION_FORMAT = dwarf;
				ENABLE_STRICT_OBJC_MSGSEND = YES;
				ENABLE_TESTABILITY = YES;
				GCC_C_LANGUAGE_STANDARD = gnu11;
				GCC_DYNAMIC_NO_PIC = NO;
				GCC_NO_COMMON_BLOCKS = YES;
				GCC_OPTIMIZATION_LEVEL = 0;
				GCC_PREPROCESSOR_DEFINITIONS = (
					"DEBUG=1",
					"$(inherited)",
				);
				GCC_WARN_64_TO_32_BIT_CONVERSION = YES;
				GCC_WARN_ABOUT_RETURN_TYPE = YES_ERROR;
				GCC_WARN_UNDECLARED_SELECTOR = YES;
				GCC_WARN_UNINITIALIZED_AUTOS = YES_AGGRESSIVE;
				GCC_WARN_UNUSED_FUNCTION = YES;
				GCC_WARN_UNUSED_VARIABLE = YES;
				IPHONEOS_DEPLOYMENT_TARGET = 11.2;
				MTL_ENABLE_DEBUG_INFO = YES;
				ONLY_ACTIVE_ARCH = YES;
				SDKROOT = iphoneos;
				SWIFT_ACTIVE_COMPILATION_CONDITIONS = DEBUG;
				SWIFT_OPTIMIZATION_LEVEL = "-Onone";
			};
			name = Debug;
		};
		AE7924E8202C58B3006820AA /* Release */ = {
			isa = XCBuildConfiguration;
			buildSettings = {
				ALWAYS_SEARCH_USER_PATHS = NO;
				CLANG_ANALYZER_NONNULL = YES;
				CLANG_ANALYZER_NUMBER_OBJECT_CONVERSION = YES_AGGRESSIVE;
				CLANG_CXX_LANGUAGE_STANDARD = "gnu++14";
				CLANG_CXX_LIBRARY = "libc++";
				CLANG_ENABLE_MODULES = YES;
				CLANG_ENABLE_OBJC_ARC = YES;
				CLANG_WARN_BLOCK_CAPTURE_AUTORELEASING = YES;
				CLANG_WARN_BOOL_CONVERSION = YES;
				CLANG_WARN_COMMA = YES;
				CLANG_WARN_CONSTANT_CONVERSION = YES;
				CLANG_WARN_DIRECT_OBJC_ISA_USAGE = YES_ERROR;
				CLANG_WARN_DOCUMENTATION_COMMENTS = YES;
				CLANG_WARN_EMPTY_BODY = YES;
				CLANG_WARN_ENUM_CONVERSION = YES;
				CLANG_WARN_INFINITE_RECURSION = YES;
				CLANG_WARN_INT_CONVERSION = YES;
				CLANG_WARN_NON_LITERAL_NULL_CONVERSION = YES;
				CLANG_WARN_OBJC_LITERAL_CONVERSION = YES;
				CLANG_WARN_OBJC_ROOT_CLASS = YES_ERROR;
				CLANG_WARN_RANGE_LOOP_ANALYSIS = YES;
				CLANG_WARN_STRICT_PROTOTYPES = YES;
				CLANG_WARN_SUSPICIOUS_MOVE = YES;
				CLANG_WARN_UNGUARDED_AVAILABILITY = YES_AGGRESSIVE;
				CLANG_WARN_UNREACHABLE_CODE = YES;
				CLANG_WARN__DUPLICATE_METHOD_MATCH = YES;
				CODE_SIGN_IDENTITY = "iPhone Developer";
				COPY_PHASE_STRIP = NO;
				DEBUG_INFORMATION_FORMAT = "dwarf-with-dsym";
				ENABLE_NS_ASSERTIONS = NO;
				ENABLE_STRICT_OBJC_MSGSEND = YES;
				GCC_C_LANGUAGE_STANDARD = gnu11;
				GCC_NO_COMMON_BLOCKS = YES;
				GCC_WARN_64_TO_32_BIT_CONVERSION = YES;
				GCC_WARN_ABOUT_RETURN_TYPE = YES_ERROR;
				GCC_WARN_UNDECLARED_SELECTOR = YES;
				GCC_WARN_UNINITIALIZED_AUTOS = YES_AGGRESSIVE;
				GCC_WARN_UNUSED_FUNCTION = YES;
				GCC_WARN_UNUSED_VARIABLE = YES;
				IPHONEOS_DEPLOYMENT_TARGET = 11.2;
				MTL_ENABLE_DEBUG_INFO = NO;
				SDKROOT = iphoneos;
				SWIFT_OPTIMIZATION_LEVEL = "-Owholemodule";
				VALIDATE_PRODUCT = YES;
			};
			name = Release;
		};
		AE7924EA202C58B3006820AA /* Debug */ = {
			isa = XCBuildConfiguration;
			buildSettings = {
				ASSETCATALOG_COMPILER_APPICON_NAME = AppIcon;
				CODE_SIGN_STYLE = Automatic;
				DEVELOPMENT_TEAM = UWRJNNALTK;
				INFOPLIST_FILE = AnimalsDemo/Info.plist;
				LD_RUNPATH_SEARCH_PATHS = "$(inherited) @executable_path/Frameworks";
				PRODUCT_BUNDLE_IDENTIFIER = Oottru.AnimalsDemo;
				PRODUCT_NAME = "$(TARGET_NAME)";
				SWIFT_VERSION = 4.0;
				TARGETED_DEVICE_FAMILY = "1,2";
			};
			name = Debug;
		};
		AE7924EB202C58B3006820AA /* Release */ = {
			isa = XCBuildConfiguration;
			buildSettings = {
				ASSETCATALOG_COMPILER_APPICON_NAME = AppIcon;
				CODE_SIGN_STYLE = Automatic;
				DEVELOPMENT_TEAM = UWRJNNALTK;
				INFOPLIST_FILE = AnimalsDemo/Info.plist;
				LD_RUNPATH_SEARCH_PATHS = "$(inherited) @executable_path/Frameworks";
				PRODUCT_BUNDLE_IDENTIFIER = Oottru.AnimalsDemo;
				PRODUCT_NAME = "$(TARGET_NAME)";
				SWIFT_VERSION = 4.0;
				TARGETED_DEVICE_FAMILY = "1,2";
			};
			name = Release;
		};
		AE7924ED202C58B3006820AA /* Debug */ = {
			isa = XCBuildConfiguration;
			buildSettings = {
				ALWAYS_EMBED_SWIFT_STANDARD_LIBRARIES = YES;
				BUNDLE_LOADER = "$(TEST_HOST)";
				CODE_SIGN_STYLE = Automatic;
				INFOPLIST_FILE = AnimalsDemoTests/Info.plist;
				LD_RUNPATH_SEARCH_PATHS = "$(inherited) @executable_path/Frameworks @loader_path/Frameworks";
				PRODUCT_BUNDLE_IDENTIFIER = Oottru.AnimalsDemoTests;
				PRODUCT_NAME = "$(TARGET_NAME)";
				SWIFT_VERSION = 4.0;
				TARGETED_DEVICE_FAMILY = "1,2";
				TEST_HOST = "$(BUILT_PRODUCTS_DIR)/AnimalsDemo.app/AnimalsDemo";
			};
			name = Debug;
		};
		AE7924EE202C58B3006820AA /* Release */ = {
			isa = XCBuildConfiguration;
			buildSettings = {
				ALWAYS_EMBED_SWIFT_STANDARD_LIBRARIES = YES;
				BUNDLE_LOADER = "$(TEST_HOST)";
				CODE_SIGN_STYLE = Automatic;
				INFOPLIST_FILE = AnimalsDemoTests/Info.plist;
				LD_RUNPATH_SEARCH_PATHS = "$(inherited) @executable_path/Frameworks @loader_path/Frameworks";
				PRODUCT_BUNDLE_IDENTIFIER = Oottru.AnimalsDemoTests;
				PRODUCT_NAME = "$(TARGET_NAME)";
				SWIFT_VERSION = 4.0;
				TARGETED_DEVICE_FAMILY = "1,2";
				TEST_HOST = "$(BUILT_PRODUCTS_DIR)/AnimalsDemo.app/AnimalsDemo";
			};
			name = Release;
		};
		AE7924F0202C58B3006820AA /* Debug */ = {
			isa = XCBuildConfiguration;
			buildSettings = {
				ALWAYS_EMBED_SWIFT_STANDARD_LIBRARIES = YES;
				CODE_SIGN_STYLE = Automatic;
				INFOPLIST_FILE = AnimalsDemoUITests/Info.plist;
				LD_RUNPATH_SEARCH_PATHS = "$(inherited) @executable_path/Frameworks @loader_path/Frameworks";
				PRODUCT_BUNDLE_IDENTIFIER = Oottru.AnimalsDemoUITests;
				PRODUCT_NAME = "$(TARGET_NAME)";
				SWIFT_VERSION = 4.0;
				TARGETED_DEVICE_FAMILY = "1,2";
				TEST_TARGET_NAME = AnimalsDemo;
			};
			name = Debug;
		};
		AE7924F1202C58B3006820AA /* Release */ = {
			isa = XCBuildConfiguration;
			buildSettings = {
				ALWAYS_EMBED_SWIFT_STANDARD_LIBRARIES = YES;
				CODE_SIGN_STYLE = Automatic;
				INFOPLIST_FILE = AnimalsDemoUITests/Info.plist;
				LD_RUNPATH_SEARCH_PATHS = "$(inherited) @executable_path/Frameworks @loader_path/Frameworks";
				PRODUCT_BUNDLE_IDENTIFIER = Oottru.AnimalsDemoUITests;
				PRODUCT_NAME = "$(TARGET_NAME)";
				SWIFT_VERSION = 4.0;
				TARGETED_DEVICE_FAMILY = "1,2";
				TEST_TARGET_NAME = AnimalsDemo;
			};
			name = Release;
		};
/* End XCBuildConfiguration section */

/* Begin XCConfigurationList section */
		AE7924BC202C58B2006820AA /* Build configuration list for PBXProject "AnimalsDemo" */ = {
			isa = XCConfigurationList;
			buildConfigurations = (
				AE7924E7202C58B3006820AA /* Debug */,
				AE7924E8202C58B3006820AA /* Release */,
			);
			defaultConfigurationIsVisible = 0;
			defaultConfigurationName = Release;
		};
		AE7924E9202C58B3006820AA /* Build configuration list for PBXNativeTarget "AnimalsDemo" */ = {
			isa = XCConfigurationList;
			buildConfigurations = (
				AE7924EA202C58B3006820AA /* Debug */,
				AE7924EB202C58B3006820AA /* Release */,
			);
			defaultConfigurationIsVisible = 0;
			defaultConfigurationName = Release;
		};
		AE7924EC202C58B3006820AA /* Build configuration list for PBXNativeTarget "AnimalsDemoTests" */ = {
			isa = XCConfigurationList;
			buildConfigurations = (
				AE7924ED202C58B3006820AA /* Debug */,
				AE7924EE202C58B3006820AA /* Release */,
			);
			defaultConfigurationIsVisible = 0;
			defaultConfigurationName = Release;
		};
		AE7924EF202C58B3006820AA /* Build configuration list for PBXNativeTarget "AnimalsDemoUITests" */ = {
			isa = XCConfigurationList;
			buildConfigurations = (
				AE7924F0202C58B3006820AA /* Debug */,
				AE7924F1202C58B3006820AA /* Release */,
			);
			defaultConfigurationIsVisible = 0;
			defaultConfigurationName = Release;
		};
/* End XCConfigurationList section */
	};
	rootObject = AE7924B9202C58B2006820AA /* Project object */;
}
